
Microsoft Visual Studio Solution File, Format Version 12.00
# Visual Studio Version 17
VisualStudioVersion = 17.10.35201.131
MinimumVisualStudioVersion = 10.0.40219.1
Project("{2150E333-8FDC-42A3-9474-1A3956D46DE8}") = "src", "src", "{A964E695-95DD-46C6-8A11-7937C84BCD78}"
EndProject
Project("{2150E333-8FDC-42A3-9474-1A3956D46DE8}") = "API", "API", "{7103D6D4-D909-469A-A424-B1CDA9A9A6DE}"
EndProject
Project("{9A19103F-16F7-4668-BE54-9A1E7A4F7556}") = "Eventive.Api", "src\API\Eventive.Api\Eventive.Api.csproj", "{1A21D632-E96B-4BED-922D-1227865C84F4}"
EndProject
Project("{2150E333-8FDC-42A3-9474-1A3956D46DE8}") = "Modules", "Modules", "{FA5425E3-41C6-4D25-A3E3-3C4A9714B6CD}"
EndProject
Project("{2150E333-8FDC-42A3-9474-1A3956D46DE8}") = "Events", "Events", "{66ECFDEE-9548-4FB0-A6DD-61C07B298DF4}"
EndProject
Project("{E53339B2-1760-4266-BCC7-CA923CBCF16C}") = "docker-compose", "docker-compose.dcproj", "{C7FAE0F4-57CF-4ABD-BE56-8244C61EEAA6}"
EndProject
Project("{9A19103F-16F7-4668-BE54-9A1E7A4F7556}") = "Eventive.Modules.Events.Domain", "src\Modules\Events\Eventive.Modules.Events.Domain\Eventive.Modules.Events.Domain.csproj", "{693E679E-FE73-457C-9889-85B5CAFE851A}"
EndProject
Project("{9A19103F-16F7-4668-BE54-9A1E7A4F7556}") = "Eventive.Modules.Events.Infrastructure", "src\Modules\Events\Eventive.Modules.Events.Infrastructure\Eventive.Modules.Events.Infrastructure.csproj", "{B95AF025-49CA-4926-9866-FF086113D22D}"
EndProject
Project("{9A19103F-16F7-4668-BE54-9A1E7A4F7556}") = "Eventive.Modules.Events.Application", "src\Modules\Events\Eventive.Modules.Events.Application\Eventive.Modules.Events.Application.csproj", "{0B61D81C-5D25-4E21-864A-E89C9280FFA5}"
EndProject
Project("{2150E333-8FDC-42A3-9474-1A3956D46DE8}") = "Common", "Common", "{CF8D233C-152F-402D-919A-378F9494C78B}"
EndProject
Project("{9A19103F-16F7-4668-BE54-9A1E7A4F7556}") = "Eventive.Common.Application", "src\Common\Eventive.Common.Application\Eventive.Common.Application.csproj", "{D5400734-B44E-489C-B80E-8A53A1503CBC}"
EndProject
Project("{9A19103F-16F7-4668-BE54-9A1E7A4F7556}") = "Eventive.Common.Domain", "src\Common\Eventive.Common.Domain\Eventive.Common.Domain.csproj", "{8C65A6F0-B884-4364-A23D-D239FBCC5B93}"
EndProject
Project("{9A19103F-16F7-4668-BE54-9A1E7A4F7556}") = "Eventive.Common.Infrastructure", "src\Common\Eventive.Common.Infrastructure\Eventive.Common.Infrastructure.csproj", "{6FFA4DF5-511D-42CF-9F5C-396E849FB3CC}"
EndProject
Project("{9A19103F-16F7-4668-BE54-9A1E7A4F7556}") = "Eventive.Modules.Events.Presentation", "src\Modules\Events\Eventive.Modules.Events.Presentation\Eventive.Modules.Events.Presentation.csproj", "{22268CCF-269A-47AC-9C8C-CB8DDDFDA251}"
EndProject
Project("{9A19103F-16F7-4668-BE54-9A1E7A4F7556}") = "Eventive.Common.Presentation", "src\Common\Eventive.Common.Presentation\Eventive.Common.Presentation.csproj", "{4AAFE9F2-CB20-4662-8C99-B10B705280F5}"
EndProject
Project("{2150E333-8FDC-42A3-9474-1A3956D46DE8}") = "Users", "Users", "{37DADBCA-689C-4C24-8BFE-AEDB214CFD9A}"
EndProject
Project("{FAE04EC0-301F-11D3-BF4B-00C04F79EFBC}") = "Eventive.Modules.Users.Application", "src\Modules\Users\Eventive.Modules.Users.Application\Eventive.Modules.Users.Application.csproj", "{5EABE670-9F4D-401A-84FB-AA843508BB1A}"
EndProject
Project("{FAE04EC0-301F-11D3-BF4B-00C04F79EFBC}") = "Eventive.Modules.Users.Domain", "src\Modules\Users\Eventive.Modules.Users.Domain\Eventive.Modules.Users.Domain.csproj", "{51011A02-D225-4D0B-84F6-D21C35859E29}"
EndProject
Project("{FAE04EC0-301F-11D3-BF4B-00C04F79EFBC}") = "Eventive.Modules.Users.Infrastructure", "src\Modules\Users\Eventive.Modules.Users.Infrastructure\Eventive.Modules.Users.Infrastructure.csproj", "{A927A959-73EC-45E6-869F-9F99690AC13F}"
EndProject
Project("{FAE04EC0-301F-11D3-BF4B-00C04F79EFBC}") = "Eventive.Modules.Users.Presentation", "src\Modules\Users\Eventive.Modules.Users.Presentation\Eventive.Modules.Users.Presentation.csproj", "{510D6BEE-7C8B-43E2-A812-D6DF9747F7E8}"
EndProject
Global
	GlobalSection(SolutionConfigurationPlatforms) = preSolution
		Debug|Any CPU = Debug|Any CPU
		Release|Any CPU = Release|Any CPU
	EndGlobalSection
	GlobalSection(ProjectConfigurationPlatforms) = postSolution
		{1A21D632-E96B-4BED-922D-1227865C84F4}.Debug|Any CPU.ActiveCfg = Debug|Any CPU
		{1A21D632-E96B-4BED-922D-1227865C84F4}.Debug|Any CPU.Build.0 = Debug|Any CPU
		{1A21D632-E96B-4BED-922D-1227865C84F4}.Release|Any CPU.ActiveCfg = Release|Any CPU
		{1A21D632-E96B-4BED-922D-1227865C84F4}.Release|Any CPU.Build.0 = Release|Any CPU
		{C7FAE0F4-57CF-4ABD-BE56-8244C61EEAA6}.Debug|Any CPU.ActiveCfg = Debug|Any CPU
		{C7FAE0F4-57CF-4ABD-BE56-8244C61EEAA6}.Debug|Any CPU.Build.0 = Debug|Any CPU
		{C7FAE0F4-57CF-4ABD-BE56-8244C61EEAA6}.Release|Any CPU.ActiveCfg = Release|Any CPU
		{C7FAE0F4-57CF-4ABD-BE56-8244C61EEAA6}.Release|Any CPU.Build.0 = Release|Any CPU
		{693E679E-FE73-457C-9889-85B5CAFE851A}.Debug|Any CPU.ActiveCfg = Debug|Any CPU
		{693E679E-FE73-457C-9889-85B5CAFE851A}.Debug|Any CPU.Build.0 = Debug|Any CPU
		{693E679E-FE73-457C-9889-85B5CAFE851A}.Release|Any CPU.ActiveCfg = Release|Any CPU
		{693E679E-FE73-457C-9889-85B5CAFE851A}.Release|Any CPU.Build.0 = Release|Any CPU
		{B95AF025-49CA-4926-9866-FF086113D22D}.Debug|Any CPU.ActiveCfg = Debug|Any CPU
		{B95AF025-49CA-4926-9866-FF086113D22D}.Debug|Any CPU.Build.0 = Debug|Any CPU
		{B95AF025-49CA-4926-9866-FF086113D22D}.Release|Any CPU.ActiveCfg = Release|Any CPU
		{B95AF025-49CA-4926-9866-FF086113D22D}.Release|Any CPU.Build.0 = Release|Any CPU
		{0B61D81C-5D25-4E21-864A-E89C9280FFA5}.Debug|Any CPU.ActiveCfg = Debug|Any CPU
		{0B61D81C-5D25-4E21-864A-E89C9280FFA5}.Debug|Any CPU.Build.0 = Debug|Any CPU
		{0B61D81C-5D25-4E21-864A-E89C9280FFA5}.Release|Any CPU.ActiveCfg = Release|Any CPU
		{0B61D81C-5D25-4E21-864A-E89C9280FFA5}.Release|Any CPU.Build.0 = Release|Any CPU
		{D5400734-B44E-489C-B80E-8A53A1503CBC}.Debug|Any CPU.ActiveCfg = Debug|Any CPU
		{D5400734-B44E-489C-B80E-8A53A1503CBC}.Debug|Any CPU.Build.0 = Debug|Any CPU
		{D5400734-B44E-489C-B80E-8A53A1503CBC}.Release|Any CPU.ActiveCfg = Release|Any CPU
		{D5400734-B44E-489C-B80E-8A53A1503CBC}.Release|Any CPU.Build.0 = Release|Any CPU
		{8C65A6F0-B884-4364-A23D-D239FBCC5B93}.Debug|Any CPU.ActiveCfg = Debug|Any CPU
		{8C65A6F0-B884-4364-A23D-D239FBCC5B93}.Debug|Any CPU.Build.0 = Debug|Any CPU
		{8C65A6F0-B884-4364-A23D-D239FBCC5B93}.Release|Any CPU.ActiveCfg = Release|Any CPU
		{8C65A6F0-B884-4364-A23D-D239FBCC5B93}.Release|Any CPU.Build.0 = Release|Any CPU
		{6FFA4DF5-511D-42CF-9F5C-396E849FB3CC}.Debug|Any CPU.ActiveCfg = Debug|Any CPU
		{6FFA4DF5-511D-42CF-9F5C-396E849FB3CC}.Debug|Any CPU.Build.0 = Debug|Any CPU
		{6FFA4DF5-511D-42CF-9F5C-396E849FB3CC}.Release|Any CPU.ActiveCfg = Release|Any CPU
		{6FFA4DF5-511D-42CF-9F5C-396E849FB3CC}.Release|Any CPU.Build.0 = Release|Any CPU
		{22268CCF-269A-47AC-9C8C-CB8DDDFDA251}.Debug|Any CPU.ActiveCfg = Debug|Any CPU
		{22268CCF-269A-47AC-9C8C-CB8DDDFDA251}.Debug|Any CPU.Build.0 = Debug|Any CPU
		{22268CCF-269A-47AC-9C8C-CB8DDDFDA251}.Release|Any CPU.ActiveCfg = Release|Any CPU
		{22268CCF-269A-47AC-9C8C-CB8DDDFDA251}.Release|Any CPU.Build.0 = Release|Any CPU
		{4AAFE9F2-CB20-4662-8C99-B10B705280F5}.Debug|Any CPU.ActiveCfg = Debug|Any CPU
		{4AAFE9F2-CB20-4662-8C99-B10B705280F5}.Debug|Any CPU.Build.0 = Debug|Any CPU
		{4AAFE9F2-CB20-4662-8C99-B10B705280F5}.Release|Any CPU.ActiveCfg = Release|Any CPU
		{4AAFE9F2-CB20-4662-8C99-B10B705280F5}.Release|Any CPU.Build.0 = Release|Any CPU
		{5EABE670-9F4D-401A-84FB-AA843508BB1A}.Debug|Any CPU.ActiveCfg = Debug|Any CPU
		{5EABE670-9F4D-401A-84FB-AA843508BB1A}.Debug|Any CPU.Build.0 = Debug|Any CPU
		{5EABE670-9F4D-401A-84FB-AA843508BB1A}.Release|Any CPU.ActiveCfg = Release|Any CPU
		{5EABE670-9F4D-401A-84FB-AA843508BB1A}.Release|Any CPU.Build.0 = Release|Any CPU
		{51011A02-D225-4D0B-84F6-D21C35859E29}.Debug|Any CPU.ActiveCfg = Debug|Any CPU
		{51011A02-D225-4D0B-84F6-D21C35859E29}.Debug|Any CPU.Build.0 = Debug|Any CPU
		{51011A02-D225-4D0B-84F6-D21C35859E29}.Release|Any CPU.ActiveCfg = Release|Any CPU
		{51011A02-D225-4D0B-84F6-D21C35859E29}.Release|Any CPU.Build.0 = Release|Any CPU
		{A927A959-73EC-45E6-869F-9F99690AC13F}.Debug|Any CPU.ActiveCfg = Debug|Any CPU
		{A927A959-73EC-45E6-869F-9F99690AC13F}.Debug|Any CPU.Build.0 = Debug|Any CPU
		{A927A959-73EC-45E6-869F-9F99690AC13F}.Release|Any CPU.ActiveCfg = Release|Any CPU
		{A927A959-73EC-45E6-869F-9F99690AC13F}.Release|Any CPU.Build.0 = Release|Any CPU
		{510D6BEE-7C8B-43E2-A812-D6DF9747F7E8}.Debug|Any CPU.ActiveCfg = Debug|Any CPU
		{510D6BEE-7C8B-43E2-A812-D6DF9747F7E8}.Debug|Any CPU.Build.0 = Debug|Any CPU
		{510D6BEE-7C8B-43E2-A812-D6DF9747F7E8}.Release|Any CPU.ActiveCfg = Release|Any CPU
		{510D6BEE-7C8B-43E2-A812-D6DF9747F7E8}.Release|Any CPU.Build.0 = Release|Any CPU
	EndGlobalSection
	GlobalSection(SolutionProperties) = preSolution
		HideSolutionNode = FALSE
	EndGlobalSection
	GlobalSection(NestedProjects) = preSolution
		{7103D6D4-D909-469A-A424-B1CDA9A9A6DE} = {A964E695-95DD-46C6-8A11-7937C84BCD78}
		{1A21D632-E96B-4BED-922D-1227865C84F4} = {7103D6D4-D909-469A-A424-B1CDA9A9A6DE}
		{FA5425E3-41C6-4D25-A3E3-3C4A9714B6CD} = {A964E695-95DD-46C6-8A11-7937C84BCD78}
		{66ECFDEE-9548-4FB0-A6DD-61C07B298DF4} = {FA5425E3-41C6-4D25-A3E3-3C4A9714B6CD}
		{693E679E-FE73-457C-9889-85B5CAFE851A} = {66ECFDEE-9548-4FB0-A6DD-61C07B298DF4}
		{B95AF025-49CA-4926-9866-FF086113D22D} = {66ECFDEE-9548-4FB0-A6DD-61C07B298DF4}
		{0B61D81C-5D25-4E21-864A-E89C9280FFA5} = {66ECFDEE-9548-4FB0-A6DD-61C07B298DF4}
		{CF8D233C-152F-402D-919A-378F9494C78B} = {A964E695-95DD-46C6-8A11-7937C84BCD78}
		{D5400734-B44E-489C-B80E-8A53A1503CBC} = {CF8D233C-152F-402D-919A-378F9494C78B}
		{8C65A6F0-B884-4364-A23D-D239FBCC5B93} = {CF8D233C-152F-402D-919A-378F9494C78B}
		{6FFA4DF5-511D-42CF-9F5C-396E849FB3CC} = {CF8D233C-152F-402D-919A-378F9494C78B}
		{22268CCF-269A-47AC-9C8C-CB8DDDFDA251} = {66ECFDEE-9548-4FB0-A6DD-61C07B298DF4}
		{4AAFE9F2-CB20-4662-8C99-B10B705280F5} = {CF8D233C-152F-402D-919A-378F9494C78B}
		{37DADBCA-689C-4C24-8BFE-AEDB214CFD9A} = {FA5425E3-41C6-4D25-A3E3-3C4A9714B6CD}
		{5EABE670-9F4D-401A-84FB-AA843508BB1A} = {37DADBCA-689C-4C24-8BFE-AEDB214CFD9A}
		{51011A02-D225-4D0B-84F6-D21C35859E29} = {37DADBCA-689C-4C24-8BFE-AEDB214CFD9A}
		{A927A959-73EC-45E6-869F-9F99690AC13F} = {37DADBCA-689C-4C24-8BFE-AEDB214CFD9A}
		{510D6BEE-7C8B-43E2-A812-D6DF9747F7E8} = {37DADBCA-689C-4C24-8BFE-AEDB214CFD9A}
	EndGlobalSection
	GlobalSection(ExtensibilityGlobals) = postSolution
		SolutionGuid = {822C4E77-D0CA-439C-ACA0-26D3301CD8DB}
	EndGlobalSection
EndGlobal
